{
  "name": "twa-project",
  "version": "1.0.0",
  "lockfileVersion": 3,
  "requires": true,
  "packages": {
    "": {
      "name": "twa-project",
      "version": "1.0.0",
      "license": "ISC",
      "dependencies": {
        "@twa-dev/sdk": "^6.7.0",
        "js": "^0.1.0",
        "react-router-dom": "^6.14.1"
      }
    },
    "node_modules/@remix-run/router": {
      "version": "1.7.1",
      "resolved": "https://registry.npmjs.org/@remix-run/router/-/router-1.7.1.tgz",
      "integrity": "sha512-bgVQM4ZJ2u2CM8k1ey70o1ePFXsEzYVZoWghh6WjM8p59jQ7HxzbHW4SbnWFG7V9ig9chLawQxDTZ3xzOF8MkQ==",
      "engines": {
        "node": ">=14"
      }
    },
    "node_modules/@twa-dev/sdk": {
      "version": "6.7.0",
      "resolved": "https://registry.npmjs.org/@twa-dev/sdk/-/sdk-6.7.0.tgz",
      "integrity": "sha512-/fcEgnMnY8lpWOKQ6LLpSoH/WjPaSYheUBgTYNUuJzP1+Q1QGtC3BwKpwF4qIxkxtPpusn/xjEHQxwrVpQw6oQ==",
      "dependencies": {
        "@twa-dev/types": "^6.7.0"
      },
      "peerDependencies": {
        "react": ">=16.0.0"
      }
    },
    "node_modules/@twa-dev/types": {
      "version": "6.7.0",
      "resolved": "https://registry.npmjs.org/@twa-dev/types/-/types-6.7.0.tgz",
      "integrity": "sha512-2QtS8oQeHkZvKAsTxqvFGdZOrR7Jc4N9rzJFEIj5e7lC5dqayIatSAh91qmGULjzxOd4sqyWqq1XF6DwZnwldQ=="
    },
    "node_modules/commander": {
      "version": "1.1.1",
      "resolved": "https://registry.npmjs.org/commander/-/commander-1.1.1.tgz",
      "integrity": "sha512-71Rod2AhcH3JhkBikVpNd0pA+fWsmAaVoti6OR38T76chA7vE3pSerS0Jor4wDw+tOueD2zLVvFOw5H0Rcj7rA==",
      "dependencies": {
        "keypress": "0.1.x"
      },
      "engines": {
        "node": ">= 0.6.x"
      }
    },
    "node_modules/js": {
      "version": "0.1.0",
      "resolved": "https://registry.npmjs.org/js/-/js-0.1.0.tgz",
      "integrity": "sha512-ZBbGYOpact8QAH9RprFWL4RAESYwbDodxiuDjOnzwzzk9pBzKycoifGuUrHHcDixE/eLMKPHRaXenTgu1qXBqA==",
      "dependencies": {
        "commander": "~1.1.1"
      },
      "bin": {
        "js": "bin/js"
      }
    },
    "node_modules/js-tokens": {
      "version": "4.0.0",
      "resolved": "https://registry.npmjs.org/js-tokens/-/js-tokens-4.0.0.tgz",
      "integrity": "sha512-RdJUflcE3cUzKiMqQgsCu06FPu9UdIJO0beYbPhHN4k6apgJtifcoCtT9bcxOpYBtpD2kCM6Sbzg4CausW/PKQ==",
      "peer": true
    },
    "node_modules/keypress": {
      "version": "0.1.0",
      "resolved": "https://registry.npmjs.org/keypress/-/keypress-0.1.0.tgz",
      "integrity": "sha512-x0yf9PL/nx9Nw9oLL8ZVErFAk85/lslwEP7Vz7s5SI1ODXZIgit3C5qyWjw4DxOuO/3Hb4866SQh28a1V1d+WA=="
    },
    "node_modules/loose-envify": {
      "version": "1.4.0",
      "resolved": "https://registry.npmjs.org/loose-envify/-/loose-envify-1.4.0.tgz",
      "integrity": "sha512-lyuxPGr/Wfhrlem2CL/UcnUc1zcqKAImBDzukY7Y5F/yQiNdko6+fRLevlw1HgMySw7f611UIY408EtxRSoK3Q==",
      "peer": true,
      "dependencies": {
        "js-tokens": "^3.0.0 || ^4.0.0"
      },
      "bin": {
        "loose-envify": "cli.js"
      }
    },
    "node_modules/react": {
      "version": "18.2.0",
      "resolved": "https://registry.npmjs.org/react/-/react-18.2.0.tgz",
      "integrity": "sha512-/3IjMdb2L9QbBdWiW5e3P2/npwMBaU9mHCSCUzNln0ZCYbcfTsGbTJrU/kGemdH2IWmB2ioZ+zkxtmq6g09fGQ==",
      "peer": true,
      "dependencies": {
        "loose-envify": "^1.1.0"
      },
      "engines": {
        "node": ">=0.10.0"
      }
    },
    "node_modules/react-dom": {
      "version": "18.2.0",
      "resolved": "https://registry.npmjs.org/react-dom/-/react-dom-18.2.0.tgz",
      "integrity": "sha512-6IMTriUmvsjHUjNtEDudZfuDQUoWXVxKHhlEGSk81n4YFS+r/Kl99wXiwlVXtPBtJenozv2P+hxDsw9eA7Xo6g==",
      "peer": true,
      "dependencies": {
        "loose-envify": "^1.1.0",
        "scheduler": "^0.23.0"
      },
      "peerDependencies": {
        "react": "^18.2.0"
      }
    },
    "node_modules/react-router": {
      "version": "6.14.1",
      "resolved": "https://registry.npmjs.org/react-router/-/react-router-6.14.1.tgz",
      "integrity": "sha512-U4PfgvG55LdvbQjg5Y9QRWyVxIdO1LlpYT7x+tMAxd9/vmiPuJhIwdxZuIQLN/9e3O4KFDHYfR9gzGeYMasW8g==",
      "dependencies": {
        "@remix-run/router": "1.7.1"
      },
      "engines": {
        "node": ">=14"
      },
      "peerDependencies": {
        "react": ">=16.8"
      }
    },
    "node_modules/react-router-dom": {
      "version": "6.14.1",
      "resolved": "https://registry.npmjs.org/react-router-dom/-/react-router-dom-6.14.1.tgz",
      "integrity": "sha512-ssF6M5UkQjHK70fgukCJyjlda0Dgono2QGwqGvuk7D+EDGHdacEN3Yke2LTMjkrpHuFwBfDFsEjGVXBDmL+bWw==",
      "dependencies": {
        "@remix-run/router": "1.7.1",
        "react-router": "6.14.1"
      },
      "engines": {
        "node": ">=14"
      },
      "peerDependencies": {
        "react": ">=16.8",
        "react-dom": ">=16.8"
      }
    },
    "node_modules/scheduler": {
      "version": "0.23.0",
      "resolved": "https://registry.npmjs.org/scheduler/-/scheduler-0.23.0.tgz",
      "integrity": "sha512-CtuThmgHNg7zIZWAXi3AsyIzA3n4xx7aNyjwC2VJldO2LMVDhFK+63xGqq6CsJH4rTAt6/M+N4GhZiDYPx9eUw==",
      "peer": true,
      "dependencies": {
        "loose-envify": "^1.1.0"
      }
    }
  }
}
